
Microsoft Visual Studio Solution File, Format Version 12.00
# Visual Studio Version 17
VisualStudioVersion = 17.14.36301.6
MinimumVisualStudioVersion = 10.0.40219.1
Project("{FAE04EC0-301F-11D3-BF4B-00C04F79EFBC}") = "GymPal", "GymPal\GymPal.csproj", "{3861E6FF-3222-42A5-BF77-8D2E7284A86E}"
EndProject
Project("{FAE04EC0-301F-11D3-BF4B-00C04F79EFBC}") = "GymPal.UnitTests", "GymPalUnitTests\GymPal.UnitTests.csproj", "{4292D45D-F08E-42FC-84E7-37330A0B4C6E}"
EndProject
Project("{FAE04EC0-301F-11D3-BF4B-00C04F79EFBC}") = "GymPal.Core", "GymPal.Core\GymPal.Core.csproj", "{B8B12998-CD59-42A2-95BC-4F7360A5EAE6}"
EndProject
Global
	GlobalSection(SolutionConfigurationPlatforms) = preSolution
		Debug|Any CPU = Debug|Any CPU
		Release|Any CPU = Release|Any CPU
	EndGlobalSection
	GlobalSection(ProjectConfigurationPlatforms) = postSolution
		{3861E6FF-3222-42A5-BF77-8D2E7284A86E}.Debug|Any CPU.ActiveCfg = Debug|Any CPU
		{3861E6FF-3222-42A5-BF77-8D2E7284A86E}.Debug|Any CPU.Build.0 = Debug|Any CPU
		{3861E6FF-3222-42A5-BF77-8D2E7284A86E}.Debug|Any CPU.Deploy.0 = Debug|Any CPU
		{3861E6FF-3222-42A5-BF77-8D2E7284A86E}.Release|Any CPU.ActiveCfg = Release|Any CPU
		{3861E6FF-3222-42A5-BF77-8D2E7284A86E}.Release|Any CPU.Build.0 = Release|Any CPU
		{4292D45D-F08E-42FC-84E7-37330A0B4C6E}.Debug|Any CPU.ActiveCfg = Debug|Any CPU
		{4292D45D-F08E-42FC-84E7-37330A0B4C6E}.Debug|Any CPU.Build.0 = Debug|Any CPU
		{4292D45D-F08E-42FC-84E7-37330A0B4C6E}.Release|Any CPU.ActiveCfg = Release|Any CPU
		{4292D45D-F08E-42FC-84E7-37330A0B4C6E}.Release|Any CPU.Build.0 = Release|Any CPU
		{B8B12998-CD59-42A2-95BC-4F7360A5EAE6}.Debug|Any CPU.ActiveCfg = Debug|Any CPU
		{B8B12998-CD59-42A2-95BC-4F7360A5EAE6}.Debug|Any CPU.Build.0 = Debug|Any CPU
		{B8B12998-CD59-42A2-95BC-4F7360A5EAE6}.Release|Any CPU.ActiveCfg = Release|Any CPU
		{B8B12998-CD59-42A2-95BC-4F7360A5EAE6}.Release|Any CPU.Build.0 = Release|Any CPU
	EndGlobalSection
	GlobalSection(SolutionProperties) = preSolution
		HideSolutionNode = FALSE
	EndGlobalSection
	GlobalSection(ExtensibilityGlobals) = postSolution
		SolutionGuid = {717F63CA-250C-447B-8D97-F8D980CCFE2C}
	EndGlobalSection
EndGlobal
